{
  "version": "4",
  "specifiers": {
    "jsr:@std/dotenv@~0.225.3": "0.225.3",
    "jsr:@std/fs@^1.0.14": "1.0.14",
    "jsr:@std/path@^1.0.8": "1.0.8",
    "jsr:@svarta/walk-it@^5.0.1": "5.0.1",
    "npm:@types/node@*": "22.5.4",
    "npm:badge-maker@^4.1.0": "4.1.0",
    "npm:date-fns@^4.1.0": "4.1.0",
    "npm:nanoid@^5.1.3": "5.1.3"
  },
  "jsr": {
    "@std/dotenv@0.225.3": {
      "integrity": "a95e5b812c27b0854c52acbae215856d9cce9d4bbf774d938c51d212711e8d4a"
    },
    "@std/fs@1.0.14": {
      "integrity": "1e84bf0b95fe08f41f1f4aea9717bbf29f45408a56ce073b0114474ce1c9fccf",
      "dependencies": [
        "jsr:@std/path"
      ]
    },
    "@std/path@1.0.8": {
      "integrity": "548fa456bb6a04d3c1a1e7477986b6cffbce95102d0bb447c67c4ee70e0364be"
    },
    "@svarta/walk-it@5.0.1": {
      "integrity": "7001f355c12757010dbc20270cb00e2063a3a26c1eec4db8a8cf012e48c799e3"
    }
  },
  "npm": {
    "@types/node@22.5.4": {
      "integrity": "sha512-FDuKUJQm/ju9fT/SeX/6+gBzoPzlVCzfzmGkwKvRHQVxi4BntVbyIwf6a4Xn62mrvndLiml6z/UBXIdEVjQLXg==",
      "dependencies": [
        "undici-types"
      ]
    },
    "anafanafo@2.0.0": {
      "integrity": "sha512-Nlfq7NC4AOkTJerWRIZcOAiMNtIDVIGWGvQ98O7Jl6Kr2Dk0dX5u4MqN778kSRTy5KRqchpLdF2RtLFEz9FVkQ==",
      "dependencies": [
        "char-width-table-consumer"
      ]
    },
    "badge-maker@4.1.0": {
      "integrity": "sha512-qYImXoz0WZRMaauqSMo6QNurKp26K3RcOhefuGfno50xmAzHEJsgHbP4gnHs6Ps53KgQgFi4MJKB6Rq8H7siww==",
      "dependencies": [
        "anafanafo",
        "css-color-converter"
      ]
    },
    "binary-search@1.3.6": {
      "integrity": "sha512-nbE1WxOTTrUWIfsfZ4aHGYu5DOuNkbxGokjV6Z2kxfJK3uaAb8zNK1muzOeipoLHZjInT4Br88BHpzevc681xA=="
    },
    "char-width-table-consumer@1.0.0": {
      "integrity": "sha512-Fz4UD0LBpxPgL9i29CJ5O4KANwaMnX/OhhbxzvNa332h+9+nRKyeuLw4wA51lt/ex67+/AdsoBQJF3kgX2feYQ==",
      "dependencies": [
        "binary-search"
      ]
    },
    "color-convert@0.5.3": {
      "integrity": "sha512-RwBeO/B/vZR3dfKL1ye/vx8MHZ40ugzpyfeVG5GsiuGnrlMWe2o8wxBbLCpw9CsxV+wHuzYlCiWnybrIA0ling=="
    },
    "color-name@1.1.4": {
      "integrity": "sha512-dOy+3AuW3a2wNbZHIuMZpTcgjGuLU/uBL/ubcZF9OXbDo8ff4O8yVp5Bf0efS8uEoYo5q4Fx7dY9OgQGXgAsQA=="
    },
    "css-color-converter@2.0.0": {
      "integrity": "sha512-oLIG2soZz3wcC3aAl/7Us5RS8Hvvc6I8G8LniF/qfMmrm7fIKQ8RIDDRZeKyGL2SrWfNqYspuLShbnjBMVWm8g==",
      "dependencies": [
        "color-convert",
        "color-name",
        "css-unit-converter"
      ]
    },
    "css-unit-converter@1.1.2": {
      "integrity": "sha512-IiJwMC8rdZE0+xiEZHeru6YoONC4rfPMqGm2W85jMIbkFvv5nFTwJVFHam2eFrN6txmoUYFAFXiv8ICVeTO0MA=="
    },
    "date-fns@4.1.0": {
      "integrity": "sha512-Ukq0owbQXxa/U3EGtsdVBkR1w7KOQ5gIBqdH2hkvknzZPYvBxb/aa6E8L7tmjFtkwZBu3UXBbjIgPo/Ez4xaNg=="
    },
    "nanoid@5.1.3": {
      "integrity": "sha512-zAbEOEr7u2CbxwoMRlz/pNSpRP0FdAU4pRaYunCdEezWohXFs+a0Xw7RfkKaezMsmSM1vttcLthJtwRnVtOfHQ=="
    },
    "undici-types@6.19.8": {
      "integrity": "sha512-ve2KP6f/JnbPBFyobGHuerC9g1FYGn/F8n1LWTwNxCEzd6IfqTwUQcNXgEtmmQ6DlRrC1hrSrBnCZPokRrDHjw=="
    }
  },
  "workspace": {
    "dependencies": [
      "jsr:@std/dotenv@~0.225.3",
      "jsr:@std/fs@^1.0.14",
      "jsr:@std/path@^1.0.8",
      "jsr:@svarta/walk-it@^5.0.1",
      "npm:badge-maker@^4.1.0",
      "npm:date-fns@^4.1.0",
      "npm:nanoid@^5.1.3"
    ]
  }
}
