{
  "version": "5",
  "specifiers": {
    "jsr:@std/dotenv@~0.225.6": "0.225.6",
    "jsr:@std/fs@^1.0.23": "1.0.23",
    "jsr:@std/internal@^1.0.12": "1.0.12",
    "jsr:@std/path@^1.1.4": "1.1.4",
    "jsr:@svarta/walk-it@^5.0.1": "5.0.1",
    "npm:@types/node@*": "22.5.4",
    "npm:badge-maker@^5.0.2": "5.0.2",
    "npm:date-fns@^4.1.0": "4.1.0",
    "npm:nanoid@^5.1.6": "5.1.6",
    "npm:octokit@^5.0.5": "5.0.5"
  },
  "jsr": {
    "@std/dotenv@0.225.6": {
      "integrity": "1d6f9db72f565bd26790fa034c26e45ecb260b5245417be76c2279e5734c421b"
    },
    "@std/fs@1.0.23": {
      "integrity": "3ecbae4ce4fee03b180fa710caff36bb5adb66631c46a6460aaad49515565a37",
      "dependencies": [
        "jsr:@std/internal",
        "jsr:@std/path"
      ]
    },
    "@std/internal@1.0.12": {
      "integrity": "972a634fd5bc34b242024402972cd5143eac68d8dffaca5eaa4dba30ce17b027"
    },
    "@std/path@1.1.4": {
      "integrity": "1d2d43f39efb1b42f0b1882a25486647cb851481862dc7313390b2bb044314b5",
      "dependencies": [
        "jsr:@std/internal"
      ]
    },
    "@svarta/walk-it@5.0.1": {
      "integrity": "7001f355c12757010dbc20270cb00e2063a3a26c1eec4db8a8cf012e48c799e3"
    }
  },
  "npm": {
    "@octokit/app@16.1.2": {
      "integrity": "sha512-8j7sEpUYVj18dxvh0KWj6W/l6uAiVRBl1JBDVRqH1VHKAO/G5eRVl4yEoYACjakWers1DjUkcCHyJNQK47JqyQ==",
      "dependencies": [
        "@octokit/auth-app",
        "@octokit/auth-unauthenticated",
        "@octokit/core",
        "@octokit/oauth-app",
        "@octokit/plugin-paginate-rest",
        "@octokit/types",
        "@octokit/webhooks"
      ]
    },
    "@octokit/auth-app@8.2.0": {
      "integrity": "sha512-vVjdtQQwomrZ4V46B9LaCsxsySxGoHsyw6IYBov/TqJVROrlYdyNgw5q6tQbB7KZt53v1l1W53RiqTvpzL907g==",
      "dependencies": [
        "@octokit/auth-oauth-app",
        "@octokit/auth-oauth-user",
        "@octokit/request",
        "@octokit/request-error",
        "@octokit/types",
        "toad-cache",
        "universal-github-app-jwt",
        "universal-user-agent"
      ]
    },
    "@octokit/auth-oauth-app@9.0.3": {
      "integrity": "sha512-+yoFQquaF8OxJSxTb7rnytBIC2ZLbLqA/yb71I4ZXT9+Slw4TziV9j/kyGhUFRRTF2+7WlnIWsePZCWHs+OGjg==",
      "dependencies": [
        "@octokit/auth-oauth-device",
        "@octokit/auth-oauth-user",
        "@octokit/request",
        "@octokit/types",
        "universal-user-agent"
      ]
    },
    "@octokit/auth-oauth-device@8.0.3": {
      "integrity": "sha512-zh2W0mKKMh/VWZhSqlaCzY7qFyrgd9oTWmTmHaXnHNeQRCZr/CXy2jCgHo4e4dJVTiuxP5dLa0YM5p5QVhJHbw==",
      "dependencies": [
        "@octokit/oauth-methods",
        "@octokit/request",
        "@octokit/types",
        "universal-user-agent"
      ]
    },
    "@octokit/auth-oauth-user@6.0.2": {
      "integrity": "sha512-qLoPPc6E6GJoz3XeDG/pnDhJpTkODTGG4kY0/Py154i/I003O9NazkrwJwRuzgCalhzyIeWQ+6MDvkUmKXjg/A==",
      "dependencies": [
        "@octokit/auth-oauth-device",
        "@octokit/oauth-methods",
        "@octokit/request",
        "@octokit/types",
        "universal-user-agent"
      ]
    },
    "@octokit/auth-token@6.0.0": {
      "integrity": "sha512-P4YJBPdPSpWTQ1NU4XYdvHvXJJDxM6YwpS0FZHRgP7YFkdVxsWcpWGy/NVqlAA7PcPCnMacXlRm1y2PFZRWL/w=="
    },
    "@octokit/auth-unauthenticated@7.0.3": {
      "integrity": "sha512-8Jb1mtUdmBHL7lGmop9mU9ArMRUTRhg8vp0T1VtZ4yd9vEm3zcLwmjQkhNEduKawOOORie61xhtYIhTDN+ZQ3g==",
      "dependencies": [
        "@octokit/request-error",
        "@octokit/types"
      ]
    },
    "@octokit/core@7.0.6": {
      "integrity": "sha512-DhGl4xMVFGVIyMwswXeyzdL4uXD5OGILGX5N8Y+f6W7LhC1Ze2poSNrkF/fedpVDHEEZ+PHFW0vL14I+mm8K3Q==",
      "dependencies": [
        "@octokit/auth-token",
        "@octokit/graphql",
        "@octokit/request",
        "@octokit/request-error",
        "@octokit/types",
        "before-after-hook",
        "universal-user-agent"
      ]
    },
    "@octokit/endpoint@11.0.3": {
      "integrity": "sha512-FWFlNxghg4HrXkD3ifYbS/IdL/mDHjh9QcsNyhQjN8dplUoZbejsdpmuqdA76nxj2xoWPs7p8uX2SNr9rYu0Ag==",
      "dependencies": [
        "@octokit/types",
        "universal-user-agent"
      ]
    },
    "@octokit/graphql@9.0.3": {
      "integrity": "sha512-grAEuupr/C1rALFnXTv6ZQhFuL1D8G5y8CN04RgrO4FIPMrtm+mcZzFG7dcBm+nq+1ppNixu+Jd78aeJOYxlGA==",
      "dependencies": [
        "@octokit/request",
        "@octokit/types",
        "universal-user-agent"
      ]
    },
    "@octokit/oauth-app@8.0.3": {
      "integrity": "sha512-jnAjvTsPepyUaMu9e69hYBuozEPgYqP4Z3UnpmvoIzHDpf8EXDGvTY1l1jK0RsZ194oRd+k6Hm13oRU8EoDFwg==",
      "dependencies": [
        "@octokit/auth-oauth-app",
        "@octokit/auth-oauth-user",
        "@octokit/auth-unauthenticated",
        "@octokit/core",
        "@octokit/oauth-authorization-url",
        "@octokit/oauth-methods",
        "@types/aws-lambda",
        "universal-user-agent"
      ]
    },
    "@octokit/oauth-authorization-url@8.0.0": {
      "integrity": "sha512-7QoLPRh/ssEA/HuHBHdVdSgF8xNLz/Bc5m9fZkArJE5bb6NmVkDm3anKxXPmN1zh6b5WKZPRr3697xKT/yM3qQ=="
    },
    "@octokit/oauth-methods@6.0.2": {
      "integrity": "sha512-HiNOO3MqLxlt5Da5bZbLV8Zarnphi4y9XehrbaFMkcoJ+FL7sMxH/UlUsCVxpddVu4qvNDrBdaTVE2o4ITK8ng==",
      "dependencies": [
        "@octokit/oauth-authorization-url",
        "@octokit/request",
        "@octokit/request-error",
        "@octokit/types"
      ]
    },
    "@octokit/openapi-types@27.0.0": {
      "integrity": "sha512-whrdktVs1h6gtR+09+QsNk2+FO+49j6ga1c55YZudfEG+oKJVvJLQi3zkOm5JjiUXAagWK2tI2kTGKJ2Ys7MGA=="
    },
    "@octokit/openapi-webhooks-types@12.1.0": {
      "integrity": "sha512-WiuzhOsiOvb7W3Pvmhf8d2C6qaLHXrWiLBP4nJ/4kydu+wpagV5Fkz9RfQwV2afYzv3PB+3xYgp4mAdNGjDprA=="
    },
    "@octokit/plugin-paginate-graphql@6.0.0_@octokit+core@7.0.6": {
      "integrity": "sha512-crfpnIoFiBtRkvPqOyLOsw12XsveYuY2ieP6uYDosoUegBJpSVxGwut9sxUgFFcll3VTOTqpUf8yGd8x1OmAkQ==",
      "dependencies": [
        "@octokit/core"
      ]
    },
    "@octokit/plugin-paginate-rest@14.0.0_@octokit+core@7.0.6": {
      "integrity": "sha512-fNVRE7ufJiAA3XUrha2omTA39M6IXIc6GIZLvlbsm8QOQCYvpq/LkMNGyFlB1d8hTDzsAXa3OKtybdMAYsV/fw==",
      "dependencies": [
        "@octokit/core",
        "@octokit/types"
      ]
    },
    "@octokit/plugin-rest-endpoint-methods@17.0.0_@octokit+core@7.0.6": {
      "integrity": "sha512-B5yCyIlOJFPqUUeiD0cnBJwWJO8lkJs5d8+ze9QDP6SvfiXSz1BF+91+0MeI1d2yxgOhU/O+CvtiZ9jSkHhFAw==",
      "dependencies": [
        "@octokit/core",
        "@octokit/types"
      ]
    },
    "@octokit/plugin-retry@8.1.0_@octokit+core@7.0.6": {
      "integrity": "sha512-O1FZgXeiGb2sowEr/hYTr6YunGdSAFWnr2fyW39Ah85H8O33ELASQxcvOFF5LE6Tjekcyu2ms4qAzJVhSaJxTw==",
      "dependencies": [
        "@octokit/core",
        "@octokit/request-error",
        "@octokit/types",
        "bottleneck"
      ]
    },
    "@octokit/plugin-throttling@11.0.3_@octokit+core@7.0.6": {
      "integrity": "sha512-34eE0RkFCKycLl2D2kq7W+LovheM/ex3AwZCYN8udpi6bxsyjZidb2McXs69hZhLmJlDqTSP8cH+jSRpiaijBg==",
      "dependencies": [
        "@octokit/core",
        "@octokit/types",
        "bottleneck"
      ]
    },
    "@octokit/request-error@7.1.0": {
      "integrity": "sha512-KMQIfq5sOPpkQYajXHwnhjCC0slzCNScLHs9JafXc4RAJI+9f+jNDlBNaIMTvazOPLgb4BnlhGJOTbnN0wIjPw==",
      "dependencies": [
        "@octokit/types"
      ]
    },
    "@octokit/request@10.0.8": {
      "integrity": "sha512-SJZNwY9pur9Agf7l87ywFi14W+Hd9Jg6Ifivsd33+/bGUQIjNujdFiXII2/qSlN2ybqUHfp5xpekMEjIBTjlSw==",
      "dependencies": [
        "@octokit/endpoint",
        "@octokit/request-error",
        "@octokit/types",
        "fast-content-type-parse",
        "json-with-bigint",
        "universal-user-agent"
      ]
    },
    "@octokit/types@16.0.0": {
      "integrity": "sha512-sKq+9r1Mm4efXW1FCk7hFSeJo4QKreL/tTbR0rz/qx/r1Oa2VV83LTA/H/MuCOX7uCIJmQVRKBcbmWoySjAnSg==",
      "dependencies": [
        "@octokit/openapi-types"
      ]
    },
    "@octokit/webhooks-methods@6.0.0": {
      "integrity": "sha512-MFlzzoDJVw/GcbfzVC1RLR36QqkTLUf79vLVO3D+xn7r0QgxnFoLZgtrzxiQErAjFUOdH6fas2KeQJ1yr/qaXQ=="
    },
    "@octokit/webhooks@14.2.0": {
      "integrity": "sha512-da6KbdNCV5sr1/txD896V+6W0iamFWrvVl8cHkBSPT+YlvmT3DwXa4jxZnQc+gnuTEqSWbBeoSZYTayXH9wXcw==",
      "dependencies": [
        "@octokit/openapi-webhooks-types",
        "@octokit/request-error",
        "@octokit/webhooks-methods"
      ]
    },
    "@types/aws-lambda@8.10.161": {
      "integrity": "sha512-rUYdp+MQwSFocxIOcSsYSF3YYYC/uUpMbCY/mbO21vGqfrEYvNSoPyKYDj6RhXXpPfS0KstW9RwG3qXh9sL7FQ=="
    },
    "@types/node@22.5.4": {
      "integrity": "sha512-FDuKUJQm/ju9fT/SeX/6+gBzoPzlVCzfzmGkwKvRHQVxi4BntVbyIwf6a4Xn62mrvndLiml6z/UBXIdEVjQLXg==",
      "dependencies": [
        "undici-types"
      ]
    },
    "anafanafo@2.0.0": {
      "integrity": "sha512-Nlfq7NC4AOkTJerWRIZcOAiMNtIDVIGWGvQ98O7Jl6Kr2Dk0dX5u4MqN778kSRTy5KRqchpLdF2RtLFEz9FVkQ==",
      "dependencies": [
        "char-width-table-consumer"
      ]
    },
    "badge-maker@5.0.2": {
      "integrity": "sha512-Xd3YUmKPEShQcn6PFB03Wxq0RNJRFwVVroyRz0qIjSXwniYUGsGWNHqtNsQYi/Sbs8Ni7qAEf7LKgDOtcAoCDg==",
      "dependencies": [
        "anafanafo",
        "css-color-converter"
      ],
      "bin": true
    },
    "before-after-hook@4.0.0": {
      "integrity": "sha512-q6tR3RPqIB1pMiTRMFcZwuG5T8vwp+vUvEG0vuI6B+Rikh5BfPp2fQ82c925FOs+b0lcFQ8CFrL+KbilfZFhOQ=="
    },
    "binary-search@1.3.6": {
      "integrity": "sha512-nbE1WxOTTrUWIfsfZ4aHGYu5DOuNkbxGokjV6Z2kxfJK3uaAb8zNK1muzOeipoLHZjInT4Br88BHpzevc681xA=="
    },
    "bottleneck@2.19.5": {
      "integrity": "sha512-VHiNCbI1lKdl44tGrhNfU3lup0Tj/ZBMJB5/2ZbNXRCPuRCO7ed2mgcK4r17y+KB2EfuYuRaVlwNbAeaWGSpbw=="
    },
    "char-width-table-consumer@1.0.0": {
      "integrity": "sha512-Fz4UD0LBpxPgL9i29CJ5O4KANwaMnX/OhhbxzvNa332h+9+nRKyeuLw4wA51lt/ex67+/AdsoBQJF3kgX2feYQ==",
      "dependencies": [
        "binary-search"
      ]
    },
    "color-convert@0.5.3": {
      "integrity": "sha512-RwBeO/B/vZR3dfKL1ye/vx8MHZ40ugzpyfeVG5GsiuGnrlMWe2o8wxBbLCpw9CsxV+wHuzYlCiWnybrIA0ling=="
    },
    "color-name@1.1.4": {
      "integrity": "sha512-dOy+3AuW3a2wNbZHIuMZpTcgjGuLU/uBL/ubcZF9OXbDo8ff4O8yVp5Bf0efS8uEoYo5q4Fx7dY9OgQGXgAsQA=="
    },
    "css-color-converter@2.0.0": {
      "integrity": "sha512-oLIG2soZz3wcC3aAl/7Us5RS8Hvvc6I8G8LniF/qfMmrm7fIKQ8RIDDRZeKyGL2SrWfNqYspuLShbnjBMVWm8g==",
      "dependencies": [
        "color-convert",
        "color-name",
        "css-unit-converter"
      ]
    },
    "css-unit-converter@1.1.2": {
      "integrity": "sha512-IiJwMC8rdZE0+xiEZHeru6YoONC4rfPMqGm2W85jMIbkFvv5nFTwJVFHam2eFrN6txmoUYFAFXiv8ICVeTO0MA=="
    },
    "date-fns@4.1.0": {
      "integrity": "sha512-Ukq0owbQXxa/U3EGtsdVBkR1w7KOQ5gIBqdH2hkvknzZPYvBxb/aa6E8L7tmjFtkwZBu3UXBbjIgPo/Ez4xaNg=="
    },
    "fast-content-type-parse@3.0.0": {
      "integrity": "sha512-ZvLdcY8P+N8mGQJahJV5G4U88CSvT1rP8ApL6uETe88MBXrBHAkZlSEySdUlyztF7ccb+Znos3TFqaepHxdhBg=="
    },
    "json-with-bigint@3.5.7": {
      "integrity": "sha512-7ei3MdAI5+fJPVnKlW77TKNKwQ5ppSzWvhPuSuINT/GYW9ZOC1eRKOuhV9yHG5aEsUPj9BBx5JIekkmoLHxZOw=="
    },
    "nanoid@5.1.6": {
      "integrity": "sha512-c7+7RQ+dMB5dPwwCp4ee1/iV/q2P6aK1mTZcfr1BTuVlyW9hJYiMPybJCcnBlQtuSmTIWNeazm/zqNoZSSElBg==",
      "bin": true
    },
    "octokit@5.0.5": {
      "integrity": "sha512-4+/OFSqOjoyULo7eN7EA97DE0Xydj/PW5aIckxqQIoFjFwqXKuFCvXUJObyJfBF9Khu4RL/jlDRI9FPaMGfPnw==",
      "dependencies": [
        "@octokit/app",
        "@octokit/core",
        "@octokit/oauth-app",
        "@octokit/plugin-paginate-graphql",
        "@octokit/plugin-paginate-rest",
        "@octokit/plugin-rest-endpoint-methods",
        "@octokit/plugin-retry",
        "@octokit/plugin-throttling",
        "@octokit/request-error",
        "@octokit/types",
        "@octokit/webhooks"
      ]
    },
    "toad-cache@3.7.0": {
      "integrity": "sha512-/m8M+2BJUpoJdgAHoG+baCwBT+tf2VraSfkBgl0Y00qIWt41DJ8R5B8nsEw0I58YwF5IZH6z24/2TobDKnqSWw=="
    },
    "undici-types@6.19.8": {
      "integrity": "sha512-ve2KP6f/JnbPBFyobGHuerC9g1FYGn/F8n1LWTwNxCEzd6IfqTwUQcNXgEtmmQ6DlRrC1hrSrBnCZPokRrDHjw=="
    },
    "universal-github-app-jwt@2.2.2": {
      "integrity": "sha512-dcmbeSrOdTnsjGjUfAlqNDJrhxXizjAz94ija9Qw8YkZ1uu0d+GoZzyH+Jb9tIIqvGsadUfwg+22k5aDqqwzbw=="
    },
    "universal-user-agent@7.0.3": {
      "integrity": "sha512-TmnEAEAsBJVZM/AADELsK76llnwcf9vMKuPz8JflO1frO8Lchitr0fNaN9d+Ap0BjKtqWqd/J17qeDnXh8CL2A=="
    }
  },
  "workspace": {
    "dependencies": [
      "jsr:@std/dotenv@~0.225.6",
      "jsr:@std/fs@^1.0.23",
      "jsr:@std/path@^1.1.4",
      "jsr:@svarta/walk-it@^5.0.1",
      "npm:badge-maker@^5.0.2",
      "npm:date-fns@^4.1.0",
      "npm:nanoid@^5.1.6",
      "npm:octokit@^5.0.5"
    ]
  }
}
